
Microsoft Visual Studio Solution File, Format Version 12.00
# Visual Studio Version 16
VisualStudioVersion = 16.0.31515.178
MinimumVisualStudioVersion = 10.0.40219.1
Project("{FAE04EC0-301F-11D3-BF4B-00C04F79EFBC}") = "CreditCardApllications", "CreditCardApllications\CreditCardApllications.csproj", "{1582389E-5E7E-418F-A350-9D2BB81A527B}"
EndProject
Project("{FAE04EC0-301F-11D3-BF4B-00C04F79EFBC}") = "CreditCardApplications.Tests", "CreditCardApplications.Tests\CreditCardApplications.Tests.csproj", "{0DA870EA-F76C-478E-900A-22E26E05DCD7}"
EndProject
Global
	GlobalSection(SolutionConfigurationPlatforms) = preSolution
		Debug|Any CPU = Debug|Any CPU
		Release|Any CPU = Release|Any CPU
	EndGlobalSection
	GlobalSection(ProjectConfigurationPlatforms) = postSolution
		{1582389E-5E7E-418F-A350-9D2BB81A527B}.Debug|Any CPU.ActiveCfg = Debug|Any CPU
		{1582389E-5E7E-418F-A350-9D2BB81A527B}.Debug|Any CPU.Build.0 = Debug|Any CPU
		{1582389E-5E7E-418F-A350-9D2BB81A527B}.Release|Any CPU.ActiveCfg = Release|Any CPU
		{1582389E-5E7E-418F-A350-9D2BB81A527B}.Release|Any CPU.Build.0 = Release|Any CPU
		{0DA870EA-F76C-478E-900A-22E26E05DCD7}.Debug|Any CPU.ActiveCfg = Debug|Any CPU
		{0DA870EA-F76C-478E-900A-22E26E05DCD7}.Debug|Any CPU.Build.0 = Debug|Any CPU
		{0DA870EA-F76C-478E-900A-22E26E05DCD7}.Release|Any CPU.ActiveCfg = Release|Any CPU
		{0DA870EA-F76C-478E-900A-22E26E05DCD7}.Release|Any CPU.Build.0 = Release|Any CPU
	EndGlobalSection
	GlobalSection(SolutionProperties) = preSolution
		HideSolutionNode = FALSE
	EndGlobalSection
	GlobalSection(ExtensibilityGlobals) = postSolution
		SolutionGuid = {B7501300-C365-4C08-A4F9-CEE34CE436A2}
	EndGlobalSection
EndGlobal
